
Microsoft Visual Studio Solution File, Format Version 12.00
# Visual Studio Version 17
VisualStudioVersion = 17.5.33530.505
MinimumVisualStudioVersion = 10.0.40219.1
Project("{FAE04EC0-301F-11D3-BF4B-00C04F79EFBC}") = "WebAPI", "WebAPI.csproj", "{520BE166-4272-4E7B-9C57-A9D1D9C5E38F}"
EndProject
Global
	GlobalSection(SolutionConfigurationPlatforms) = preSolution
		Debug|Any CPU = Debug|Any CPU
		Release|Any CPU = Release|Any CPU
	EndGlobalSection
	GlobalSection(ProjectConfigurationPlatforms) = postSolution
		{520BE166-4272-4E7B-9C57-A9D1D9C5E38F}.Debug|Any CPU.ActiveCfg = Debug|Any CPU
		{520BE166-4272-4E7B-9C57-A9D1D9C5E38F}.Debug|Any CPU.Build.0 = Debug|Any CPU
		{520BE166-4272-4E7B-9C57-A9D1D9C5E38F}.Release|Any CPU.ActiveCfg = Release|Any CPU
		{520BE166-4272-4E7B-9C57-A9D1D9C5E38F}.Release|Any CPU.Build.0 = Release|Any CPU
	EndGlobalSection
	GlobalSection(SolutionProperties) = preSolution
		HideSolutionNode = FALSE
	EndGlobalSection
	GlobalSection(ExtensibilityGlobals) = postSolution
		SolutionGuid = {A8A34849-C30F-4672-AE9B-CD25B9069460}
	EndGlobalSection
EndGlobal
